
Microsoft Visual Studio Solution File, Format Version 12.00
# Visual Studio Version 17
VisualStudioVersion = 17.0.31903.59
MinimumVisualStudioVersion = 10.0.40219.1
Project("{FAE04EC0-301F-11D3-BF4B-00C04F79EFBC}") = "Skeleton", "Skeleton\Skeleton.csproj", "{AD2ABCF4-9FDD-4B2E-A254-3770292CD2EC}"
EndProject
Project("{FAE04EC0-301F-11D3-BF4B-00C04F79EFBC}") = "Variables", "Variables\Variables.csproj", "{A960D906-3A36-43C2-AD14-9110B27B5800}"
EndProject
Project("{FAE04EC0-301F-11D3-BF4B-00C04F79EFBC}") = "Arrays", "Arrays\Arrays.csproj", "{8F7FE1F3-9A0A-4685-A5DB-C44DF64062B9}"
EndProject
Project("{FAE04EC0-301F-11D3-BF4B-00C04F79EFBC}") = "FlowControl", "FlowControl\FlowControl.csproj", "{FE826AC3-28BF-4DFA-B956-CFB96726C4BD}"
EndProject
Project("{FAE04EC0-301F-11D3-BF4B-00C04F79EFBC}") = "Classes", "Classes\Classes.csproj", "{52A5DE89-4D76-4D36-9C3E-CC2F9057F5F2}"
EndProject
Project("{FAE04EC0-301F-11D3-BF4B-00C04F79EFBC}") = "MoreOnClasses", "MoreOnClasses\MoreOnClasses.csproj", "{2DEBE33C-76E6-4E7B-9458-0467B274866D}"
EndProject
Global
	GlobalSection(SolutionConfigurationPlatforms) = preSolution
		Debug|Any CPU = Debug|Any CPU
		Release|Any CPU = Release|Any CPU
	EndGlobalSection
	GlobalSection(SolutionProperties) = preSolution
		HideSolutionNode = FALSE
	EndGlobalSection
	GlobalSection(ProjectConfigurationPlatforms) = postSolution
		{AD2ABCF4-9FDD-4B2E-A254-3770292CD2EC}.Debug|Any CPU.ActiveCfg = Debug|Any CPU
		{AD2ABCF4-9FDD-4B2E-A254-3770292CD2EC}.Debug|Any CPU.Build.0 = Debug|Any CPU
		{AD2ABCF4-9FDD-4B2E-A254-3770292CD2EC}.Release|Any CPU.ActiveCfg = Release|Any CPU
		{AD2ABCF4-9FDD-4B2E-A254-3770292CD2EC}.Release|Any CPU.Build.0 = Release|Any CPU
		{A960D906-3A36-43C2-AD14-9110B27B5800}.Debug|Any CPU.ActiveCfg = Debug|Any CPU
		{A960D906-3A36-43C2-AD14-9110B27B5800}.Debug|Any CPU.Build.0 = Debug|Any CPU
		{A960D906-3A36-43C2-AD14-9110B27B5800}.Release|Any CPU.ActiveCfg = Release|Any CPU
		{A960D906-3A36-43C2-AD14-9110B27B5800}.Release|Any CPU.Build.0 = Release|Any CPU
		{8F7FE1F3-9A0A-4685-A5DB-C44DF64062B9}.Debug|Any CPU.ActiveCfg = Debug|Any CPU
		{8F7FE1F3-9A0A-4685-A5DB-C44DF64062B9}.Debug|Any CPU.Build.0 = Debug|Any CPU
		{8F7FE1F3-9A0A-4685-A5DB-C44DF64062B9}.Release|Any CPU.ActiveCfg = Release|Any CPU
		{8F7FE1F3-9A0A-4685-A5DB-C44DF64062B9}.Release|Any CPU.Build.0 = Release|Any CPU
		{FE826AC3-28BF-4DFA-B956-CFB96726C4BD}.Debug|Any CPU.ActiveCfg = Debug|Any CPU
		{FE826AC3-28BF-4DFA-B956-CFB96726C4BD}.Debug|Any CPU.Build.0 = Debug|Any CPU
		{FE826AC3-28BF-4DFA-B956-CFB96726C4BD}.Release|Any CPU.ActiveCfg = Release|Any CPU
		{FE826AC3-28BF-4DFA-B956-CFB96726C4BD}.Release|Any CPU.Build.0 = Release|Any CPU
		{52A5DE89-4D76-4D36-9C3E-CC2F9057F5F2}.Debug|Any CPU.ActiveCfg = Debug|Any CPU
		{52A5DE89-4D76-4D36-9C3E-CC2F9057F5F2}.Debug|Any CPU.Build.0 = Debug|Any CPU
		{52A5DE89-4D76-4D36-9C3E-CC2F9057F5F2}.Release|Any CPU.ActiveCfg = Release|Any CPU
		{52A5DE89-4D76-4D36-9C3E-CC2F9057F5F2}.Release|Any CPU.Build.0 = Release|Any CPU
		{2DEBE33C-76E6-4E7B-9458-0467B274866D}.Debug|Any CPU.ActiveCfg = Debug|Any CPU
		{2DEBE33C-76E6-4E7B-9458-0467B274866D}.Debug|Any CPU.Build.0 = Debug|Any CPU
		{2DEBE33C-76E6-4E7B-9458-0467B274866D}.Release|Any CPU.ActiveCfg = Release|Any CPU
		{2DEBE33C-76E6-4E7B-9458-0467B274866D}.Release|Any CPU.Build.0 = Release|Any CPU
	EndGlobalSection
EndGlobal
